// !$*UTF8*$!
{
	archiveVersion = 1;
	classes = {
	};
	objectVersion = 56;
	objects = {

/* Begin PBXBuildFile section */
		CDA01D482CD513E800E0AD68 /* CardApp.swift in Sources */ = {isa = PBXBuildFile; fileRef = CDA01D472CD513E800E0AD68 /* CardApp.swift */; };
		CDA01D4A2CD513E800E0AD68 /* ContentView.swift in Sources */ = {isa = PBXBuildFile; fileRef = CDA01D492CD513E800E0AD68 /* ContentView.swift */; };
		CDA01D4E2CD513EA00E0AD68 /* Assets.xcassets in Resources */ = {isa = PBXBuildFile; fileRef = CDA01D4D2CD513EA00E0AD68 /* Assets.xcassets */; };
		CDA01D512CD513EA00E0AD68 /* Preview Assets.xcassets in Resources */ = {isa = PBXBuildFile; fileRef = CDA01D502CD513EA00E0AD68 /* Preview Assets.xcassets */; };
		CDA01D5B2CD513EA00E0AD68 /* CardTests.swift in Sources */ = {isa = PBXBuildFile; fileRef = CDA01D5A2CD513EA00E0AD68 /* CardTests.swift */; };
		CDA01D652CD513EA00E0AD68 /* CardUITests.swift in Sources */ = {isa = PBXBuildFile; fileRef = CDA01D642CD513EA00E0AD68 /* CardUITests.swift */; };
		CDA01D672CD513EA00E0AD68 /* CardUITestsLaunchTests.swift in Sources */ = {isa = PBXBuildFile; fileRef = CDA01D662CD513EA00E0AD68 /* CardUITestsLaunchTests.swift */; };
		CDA01D742CD5141700E0AD68 /* CarouselView.swift in Sources */ = {isa = PBXBuildFile; fileRef = CDA01D732CD5141700E0AD68 /* CarouselView.swift */; };
		CDA01D7E2CD514D100E0AD68 /* Card.swift in Sources */ = {isa = PBXBuildFile; fileRef = CDA01D7D2CD514D100E0AD68 /* Card.swift */; };
/* End PBXBuildFile section */

/* Begin PBXContainerItemProxy section */
		CDA01D572CD513EA00E0AD68 /* PBXContainerItemProxy */ = {
			isa = PBXContainerItemProxy;
			containerPortal = CDA01D3C2CD513E800E0AD68 /* Project object */;
			proxyType = 1;
			remoteGlobalIDString = CDA01D432CD513E800E0AD68;
			remoteInfo = Card;
		};
		CDA01D612CD513EA00E0AD68 /* PBXContainerItemProxy */ = {
			isa = PBXContainerItemProxy;
			containerPortal = CDA01D3C2CD513E800E0AD68 /* Project object */;
			proxyType = 1;
			remoteGlobalIDString = CDA01D432CD513E800E0AD68;
			remoteInfo = Card;
		};
/* End PBXContainerItemProxy section */

/* Begin PBXFileReference section */
		CDA01D442CD513E800E0AD68 /* Card.app */ = {isa = PBXFileReference; explicitFileType = wrapper.application; includeInIndex = 0; path = Card.app; sourceTree = BUILT_PRODUCTS_DIR; };
		CDA01D472CD513E800E0AD68 /* CardApp.swift */ = {isa = PBXFileReference; lastKnownFileType = sourcecode.swift; path = CardApp.swift; sourceTree = "<group>"; };
		CDA01D492CD513E800E0AD68 /* ContentView.swift */ = {isa = PBXFileReference; lastKnownFileType = sourcecode.swift; path = ContentView.swift; sourceTree = "<group>"; };
		CDA01D4D2CD513EA00E0AD68 /* Assets.xcassets */ = {isa = PBXFileReference; lastKnownFileType = folder.assetcatalog; path = Assets.xcassets; sourceTree = "<group>"; };
		CDA01D502CD513EA00E0AD68 /* Preview Assets.xcassets */ = {isa = PBXFileReference; lastKnownFileType = folder.assetcatalog; path = "Preview Assets.xcassets"; sourceTree = "<group>"; };
		CDA01D562CD513EA00E0AD68 /* CardTests.xctest */ = {isa = PBXFileReference; explicitFileType = wrapper.cfbundle; includeInIndex = 0; path = CardTests.xctest; sourceTree = BUILT_PRODUCTS_DIR; };
		CDA01D5A2CD513EA00E0AD68 /* CardTests.swift */ = {isa = PBXFileReference; lastKnownFileType = sourcecode.swift; path = CardTests.swift; sourceTree = "<group>"; };
		CDA01D602CD513EA00E0AD68 /* CardUITests.xctest */ = {isa = PBXFileReference; explicitFileType = wrapper.cfbundle; includeInIndex = 0; path = CardUITests.xctest; sourceTree = BUILT_PRODUCTS_DIR; };
		CDA01D642CD513EA00E0AD68 /* CardUITests.swift */ = {isa = PBXFileReference; lastKnownFileType = sourcecode.swift; path = CardUITests.swift; sourceTree = "<group>"; };
		CDA01D662CD513EA00E0AD68 /* CardUITestsLaunchTests.swift */ = {isa = PBXFileReference; lastKnownFileType = sourcecode.swift; path = CardUITestsLaunchTests.swift; sourceTree = "<group>"; };
		CDA01D732CD5141700E0AD68 /* CarouselView.swift */ = {isa = PBXFileReference; lastKnownFileType = sourcecode.swift; path = CarouselView.swift; sourceTree = "<group>"; };
		CDA01D7D2CD514D100E0AD68 /* Card.swift */ = {isa = PBXFileReference; lastKnownFileType = sourcecode.swift; path = Card.swift; sourceTree = "<group>"; };
/* End PBXFileReference section */

/* Begin PBXFrameworksBuildPhase section */
		CDA01D412CD513E800E0AD68 /* Frameworks */ = {
			isa = PBXFrameworksBuildPhase;
			buildActionMask = 2147483647;
			files = (
			);
			runOnlyForDeploymentPostprocessing = 0;
		};
		CDA01D532CD513EA00E0AD68 /* Frameworks */ = {
			isa = PBXFrameworksBuildPhase;
			buildActionMask = 2147483647;
			files = (
			);
			runOnlyForDeploymentPostprocessing = 0;
		};
		CDA01D5D2CD513EA00E0AD68 /* Frameworks */ = {
			isa = PBXFrameworksBuildPhase;
			buildActionMask = 2147483647;
			files = (
			);
			runOnlyForDeploymentPostprocessing = 0;
		};
/* End PBXFrameworksBuildPhase section */

/* Begin PBXGroup section */
		CDA01D3B2CD513E800E0AD68 = {
			isa = PBXGroup;
			children = (
				CDA01D462CD513E800E0AD68 /* Card */,
				CDA01D592CD513EA00E0AD68 /* CardTests */,
				CDA01D632CD513EA00E0AD68 /* CardUITests */,
				CDA01D452CD513E800E0AD68 /* Products */,
			);
			sourceTree = "<group>";
		};
		CDA01D452CD513E800E0AD68 /* Products */ = {
			isa = PBXGroup;
			children = (
				CDA01D442CD513E800E0AD68 /* Card.app */,
				CDA01D562CD513EA00E0AD68 /* CardTests.xctest */,
				CDA01D602CD513EA00E0AD68 /* CardUITests.xctest */,
			);
			name = Products;
			sourceTree = "<group>";
		};
		CDA01D462CD513E800E0AD68 /* Card */ = {
			isa = PBXGroup;
			children = (
				CDA01D472CD513E800E0AD68 /* CardApp.swift */,
				CDA01D492CD513E800E0AD68 /* ContentView.swift */,
				CDA01D4D2CD513EA00E0AD68 /* Assets.xcassets */,
				CDA01D4F2CD513EA00E0AD68 /* Preview Content */,
				CDA01D732CD5141700E0AD68 /* CarouselView.swift */,
				CDA01D7D2CD514D100E0AD68 /* Card.swift */,
			);
			path = Card;
			sourceTree = "<group>";
		};
		CDA01D4F2CD513EA00E0AD68 /* Preview Content */ = {
			isa = PBXGroup;
			children = (
				CDA01D502CD513EA00E0AD68 /* Preview Assets.xcassets */,
			);
			path = "Preview Content";
			sourceTree = "<group>";
		};
		CDA01D592CD513EA00E0AD68 /* CardTests */ = {
			isa = PBXGroup;
			children = (
				CDA01D5A2CD513EA00E0AD68 /* CardTests.swift */,
			);
			path = CardTests;
			sourceTree = "<group>";
		};
		CDA01D632CD513EA00E0AD68 /* CardUITests */ = {
			isa = PBXGroup;
			children = (
				CDA01D642CD513EA00E0AD68 /* CardUITests.swift */,
				CDA01D662CD513EA00E0AD68 /* CardUITestsLaunchTests.swift */,
			);
			path = CardUITests;
			sourceTree = "<group>";
		};
/* End PBXGroup section */

/* Begin PBXNativeTarget section */
		CDA01D432CD513E800E0AD68 /* Card */ = {
			isa = PBXNativeTarget;
			buildConfigurationList = CDA01D6A2CD513EA00E0AD68 /* Build configuration list for PBXNativeTarget "Card" */;
			buildPhases = (
				CDA01D402CD513E800E0AD68 /* Sources */,
				CDA01D412CD513E800E0AD68 /* Frameworks */,
				CDA01D422CD513E800E0AD68 /* Resources */,
			);
			buildRules = (
			);
			dependencies = (
			);
			name = Card;
			productName = Card;
			productReference = CDA01D442CD513E800E0AD68 /* Card.app */;
			productType = "com.apple.product-type.application";
		};
		CDA01D552CD513EA00E0AD68 /* CardTests */ = {
			isa = PBXNativeTarget;
			buildConfigurationList = CDA01D6D2CD513EA00E0AD68 /* Build configuration list for PBXNativeTarget "CardTests" */;
			buildPhases = (
				CDA01D522CD513EA00E0AD68 /* Sources */,
				CDA01D532CD513EA00E0AD68 /* Frameworks */,
				CDA01D542CD513EA00E0AD68 /* Resources */,
			);
			buildRules = (
			);
			dependencies = (
				CDA01D582CD513EA00E0AD68 /* PBXTargetDependency */,
			);
			name = CardTests;
			productName = CardTests;
			productReference = CDA01D562CD513EA00E0AD68 /* CardTests.xctest */;
			productType = "com.apple.product-type.bundle.unit-test";
		};
		CDA01D5F2CD513EA00E0AD68 /* CardUITests */ = {
			isa = PBXNativeTarget;
			buildConfigurationList = CDA01D702CD513EA00E0AD68 /* Build configuration list for PBXNativeTarget "CardUITests" */;
			buildPhases = (
				CDA01D5C2CD513EA00E0AD68 /* Sources */,
				CDA01D5D2CD513EA00E0AD68 /* Frameworks */,
				CDA01D5E2CD513EA00E0AD68 /* Resources */,
			);
			buildRules = (
			);
			dependencies = (
				CDA01D622CD513EA00E0AD68 /* PBXTargetDependency */,
			);
			name = CardUITests;
			productName = CardUITests;
			productReference = CDA01D602CD513EA00E0AD68 /* CardUITests.xctest */;
			productType = "com.apple.product-type.bundle.ui-testing";
		};
/* End PBXNativeTarget section */

/* Begin PBXProject section */
		CDA01D3C2CD513E800E0AD68 /* Project object */ = {
			isa = PBXProject;
			attributes = {
				BuildIndependentTargetsInParallel = 1;
				LastSwiftUpdateCheck = 1540;
				LastUpgradeCheck = 1540;
				TargetAttributes = {
					CDA01D432CD513E800E0AD68 = {
						CreatedOnToolsVersion = 15.4;
					};
					CDA01D552CD513EA00E0AD68 = {
						CreatedOnToolsVersion = 15.4;
						TestTargetID = CDA01D432CD513E800E0AD68;
					};
					CDA01D5F2CD513EA00E0AD68 = {
						CreatedOnToolsVersion = 15.4;
						TestTargetID = CDA01D432CD513E800E0AD68;
					};
				};
			};
			buildConfigurationList = CDA01D3F2CD513E800E0AD68 /* Build configuration list for PBXProject "Card" */;
			compatibilityVersion = "Xcode 14.0";
			developmentRegion = en;
			hasScannedForEncodings = 0;
			knownRegions = (
				en,
				Base,
			);
			mainGroup = CDA01D3B2CD513E800E0AD68;
			productRefGroup = CDA01D452CD513E800E0AD68 /* Products */;
			projectDirPath = "";
			projectRoot = "";
			targets = (
				CDA01D432CD513E800E0AD68 /* Card */,
				CDA01D552CD513EA00E0AD68 /* CardTests */,
				CDA01D5F2CD513EA00E0AD68 /* CardUITests */,
			);
		};
/* End PBXProject section */

/* Begin PBXResourcesBuildPhase section */
		CDA01D422CD513E800E0AD68 /* Resources */ = {
			isa = PBXResourcesBuildPhase;
			buildActionMask = 2147483647;
			files = (
				CDA01D512CD513EA00E0AD68 /* Preview Assets.xcassets in Resources */,
				CDA01D4E2CD513EA00E0AD68 /* Assets.xcassets in Resources */,
			);
			runOnlyForDeploymentPostprocessing = 0;
		};
		CDA01D542CD513EA00E0AD68 /* Resources */ = {
			isa = PBXResourcesBuildPhase;
			buildActionMask = 2147483647;
			files = (
			);
			runOnlyForDeploymentPostprocessing = 0;
		};
		CDA01D5E2CD513EA00E0AD68 /* Resources */ = {
			isa = PBXResourcesBuildPhase;
			buildActionMask = 2147483647;
			files = (
			);
			runOnlyForDeploymentPostprocessing = 0;
		};
/* End PBXResourcesBuildPhase section */

/* Begin PBXSourcesBuildPhase section */
		CDA01D402CD513E800E0AD68 /* Sources */ = {
			isa = PBXSourcesBuildPhase;
			buildActionMask = 2147483647;
			files = (
				CDA01D7E2CD514D100E0AD68 /* Card.swift in Sources */,
				CDA01D4A2CD513E800E0AD68 /* ContentView.swift in Sources */,
				CDA01D742CD5141700E0AD68 /* CarouselView.swift in Sources */,
				CDA01D482CD513E800E0AD68 /* CardApp.swift in Sources */,
			);
			runOnlyForDeploymentPostprocessing = 0;
		};
		CDA01D522CD513EA00E0AD68 /* Sources */ = {
			isa = PBXSourcesBuildPhase;
			buildActionMask = 2147483647;
			files = (
				CDA01D5B2CD513EA00E0AD68 /* CardTests.swift in Sources */,
			);
			runOnlyForDeploymentPostprocessing = 0;
		};
		CDA01D5C2CD513EA00E0AD68 /* Sources */ = {
			isa = PBXSourcesBuildPhase;
			buildActionMask = 2147483647;
			files = (
				CDA01D672CD513EA00E0AD68 /* CardUITestsLaunchTests.swift in Sources */,
				CDA01D652CD513EA00E0AD68 /* CardUITests.swift in Sources */,
			);
			runOnlyForDeploymentPostprocessing = 0;
		};
/* End PBXSourcesBuildPhase section */

/* Begin PBXTargetDependency section */
		CDA01D582CD513EA00E0AD68 /* PBXTargetDependency */ = {
			isa = PBXTargetDependency;
			target = CDA01D432CD513E800E0AD68 /* Card */;
			targetProxy = CDA01D572CD513EA00E0AD68 /* PBXContainerItemProxy */;
		};
		CDA01D622CD513EA00E0AD68 /* PBXTargetDependency */ = {
			isa = PBXTargetDependency;
			target = CDA01D432CD513E800E0AD68 /* Card */;
			targetProxy = CDA01D612CD513EA00E0AD68 /* PBXContainerItemProxy */;
		};
/* End PBXTargetDependency section */

/* Begin XCBuildConfiguration section */
		CDA01D682CD513EA00E0AD68 /* Debug */ = {
			isa = XCBuildConfiguration;
			buildSettings = {
				ALWAYS_SEARCH_USER_PATHS = NO;
				ASSETCATALOG_COMPILER_GENERATE_SWIFT_ASSET_SYMBOL_EXTENSIONS = YES;
				CLANG_ANALYZER_NONNULL = YES;
				CLANG_ANALYZER_NUMBER_OBJECT_CONVERSION = YES_AGGRESSIVE;
				CLANG_CXX_LANGUAGE_STANDARD = "gnu++20";
				CLANG_ENABLE_MODULES = YES;
				CLANG_ENABLE_OBJC_ARC = YES;
				CLANG_ENABLE_OBJC_WEAK = YES;
				CLANG_WARN_BLOCK_CAPTURE_AUTORELEASING = YES;
				CLANG_WARN_BOOL_CONVERSION = YES;
				CLANG_WARN_COMMA = YES;
				CLANG_WARN_CONSTANT_CONVERSION = YES;
				CLANG_WARN_DEPRECATED_OBJC_IMPLEMENTATIONS = YES;
				CLANG_WARN_DIRECT_OBJC_ISA_USAGE = YES_ERROR;
				CLANG_WARN_DOCUMENTATION_COMMENTS = YES;
				CLANG_WARN_EMPTY_BODY = YES;
				CLANG_WARN_ENUM_CONVERSION = YES;
				CLANG_WARN_INFINITE_RECURSION = YES;
				CLANG_WARN_INT_CONVERSION = YES;
				CLANG_WARN_NON_LITERAL_NULL_CONVERSION = YES;
				CLANG_WARN_OBJC_IMPLICIT_RETAIN_SELF = YES;
				CLANG_WARN_OBJC_LITERAL_CONVERSION = YES;
				CLANG_WARN_OBJC_ROOT_CLASS = YES_ERROR;
				CLANG_WARN_QUOTED_INCLUDE_IN_FRAMEWORK_HEADER = YES;
				CLANG_WARN_RANGE_LOOP_ANALYSIS = YES;
				CLANG_WARN_STRICT_PROTOTYPES = YES;
				CLANG_WARN_SUSPICIOUS_MOVE = YES;
				CLANG_WARN_UNGUARDED_AVAILABILITY = YES_AGGRESSIVE;
				CLANG_WARN_UNREACHABLE_CODE = YES;
				CLANG_WARN__DUPLICATE_METHOD_MATCH = YES;
				COPY_PHASE_STRIP = NO;
				DEBUG_INFORMATION_FORMAT = dwarf;
				ENABLE_STRICT_OBJC_MSGSEND = YES;
				ENABLE_TESTABILITY = YES;
				ENABLE_USER_SCRIPT_SANDBOXING = YES;
				GCC_C_LANGUAGE_STANDARD = gnu17;
				GCC_DYNAMIC_NO_PIC = NO;
				GCC_NO_COMMON_BLOCKS = YES;
				GCC_OPTIMIZATION_LEVEL = 0;
				GCC_PREPROCESSOR_DEFINITIONS = (
					"DEBUG=1",
					"$(inherited)",
				);
				GCC_WARN_64_TO_32_BIT_CONVERSION = YES;
				GCC_WARN_ABOUT_RETURN_TYPE = YES_ERROR;
				GCC_WARN_UNDECLARED_SELECTOR = YES;
				GCC_WARN_UNINITIALIZED_AUTOS = YES_AGGRESSIVE;
				GCC_WARN_UNUSED_FUNCTION = YES;
				GCC_WARN_UNUSED_VARIABLE = YES;
				IPHONEOS_DEPLOYMENT_TARGET = 17.5;
				LOCALIZATION_PREFERS_STRING_CATALOGS = YES;
				MTL_ENABLE_DEBUG_INFO = INCLUDE_SOURCE;
				MTL_FAST_MATH = YES;
				ONLY_ACTIVE_ARCH = YES;
				SDKROOT = iphoneos;
				SWIFT_ACTIVE_COMPILATION_CONDITIONS = "DEBUG $(inherited)";
				SWIFT_OPTIMIZATION_LEVEL = "-Onone";
			};
			name = Debug;
		};
		CDA01D692CD513EA00E0AD68 /* Release */ = {
			isa = XCBuildConfiguration;
			buildSettings = {
				ALWAYS_SEARCH_USER_PATHS = NO;
				ASSETCATALOG_COMPILER_GENERATE_SWIFT_ASSET_SYMBOL_EXTENSIONS = YES;
				CLANG_ANALYZER_NONNULL = YES;
				CLANG_ANALYZER_NUMBER_OBJECT_CONVERSION = YES_AGGRESSIVE;
				CLANG_CXX_LANGUAGE_STANDARD = "gnu++20";
				CLANG_ENABLE_MODULES = YES;
				CLANG_ENABLE_OBJC_ARC = YES;
				CLANG_ENABLE_OBJC_WEAK = YES;
				CLANG_WARN_BLOCK_CAPTURE_AUTORELEASING = YES;
				CLANG_WARN_BOOL_CONVERSION = YES;
				CLANG_WARN_COMMA = YES;
				CLANG_WARN_CONSTANT_CONVERSION = YES;
				CLANG_WARN_DEPRECATED_OBJC_IMPLEMENTATIONS = YES;
				CLANG_WARN_DIRECT_OBJC_ISA_USAGE = YES_ERROR;
				CLANG_WARN_DOCUMENTATION_COMMENTS = YES;
				CLANG_WARN_EMPTY_BODY = YES;
				CLANG_WARN_ENUM_CONVERSION = YES;
				CLANG_WARN_INFINITE_RECURSION = YES;
				CLANG_WARN_INT_CONVERSION = YES;
				CLANG_WARN_NON_LITERAL_NULL_CONVERSION = YES;
				CLANG_WARN_OBJC_IMPLICIT_RETAIN_SELF = YES;
				CLANG_WARN_OBJC_LITERAL_CONVERSION = YES;
				CLANG_WARN_OBJC_ROOT_CLASS = YES_ERROR;
				CLANG_WARN_QUOTED_INCLUDE_IN_FRAMEWORK_HEADER = YES;
				CLANG_WARN_RANGE_LOOP_ANALYSIS = YES;
				CLANG_WARN_STRICT_PROTOTYPES = YES;
				CLANG_WARN_SUSPICIOUS_MOVE = YES;
				CLANG_WARN_UNGUARDED_AVAILABILITY = YES_AGGRESSIVE;
				CLANG_WARN_UNREACHABLE_CODE = YES;
				CLANG_WARN__DUPLICATE_METHOD_MATCH = YES;
				COPY_PHASE_STRIP = NO;
				DEBUG_INFORMATION_FORMAT = "dwarf-with-dsym";
				ENABLE_NS_ASSERTIONS = NO;
				ENABLE_STRICT_OBJC_MSGSEND = YES;
				ENABLE_USER_SCRIPT_SANDBOXING = YES;
				GCC_C_LANGUAGE_STANDARD = gnu17;
				GCC_NO_COMMON_BLOCKS = YES;
				GCC_WARN_64_TO_32_BIT_CONVERSION = YES;
				GCC_WARN_ABOUT_RETURN_TYPE = YES_ERROR;
				GCC_WARN_UNDECLARED_SELECTOR = YES;
				GCC_WARN_UNINITIALIZED_AUTOS = YES_AGGRESSIVE;
				GCC_WARN_UNUSED_FUNCTION = YES;
				GCC_WARN_UNUSED_VARIABLE = YES;
				IPHONEOS_DEPLOYMENT_TARGET = 17.5;
				LOCALIZATION_PREFERS_STRING_CATALOGS = YES;
				MTL_ENABLE_DEBUG_INFO = NO;
				MTL_FAST_MATH = YES;
				SDKROOT = iphoneos;
				SWIFT_COMPILATION_MODE = wholemodule;
				VALIDATE_PRODUCT = YES;
			};
			name = Release;
		};
		CDA01D6B2CD513EA00E0AD68 /* Debug */ = {
			isa = XCBuildConfiguration;
			buildSettings = {
				ASSETCATALOG_COMPILER_APPICON_NAME = AppIcon;
				ASSETCATALOG_COMPILER_GLOBAL_ACCENT_COLOR_NAME = AccentColor;
				CODE_SIGN_STYLE = Automatic;
				CURRENT_PROJECT_VERSION = 1;
				DEVELOPMENT_ASSET_PATHS = "\"Card/Preview Content\"";
				DEVELOPMENT_TEAM = YYN3BQ4MS6;
				ENABLE_PREVIEWS = YES;
				GENERATE_INFOPLIST_FILE = YES;
				INFOPLIST_KEY_UIApplicationSceneManifest_Generation = YES;
				INFOPLIST_KEY_UIApplicationSupportsIndirectInputEvents = YES;
				INFOPLIST_KEY_UILaunchScreen_Generation = YES;
				INFOPLIST_KEY_UISupportedInterfaceOrientations_iPad = "UIInterfaceOrientationPortrait UIInterfaceOrientationPortraitUpsideDown UIInterfaceOrientationLandscapeLeft UIInterfaceOrientationLandscapeRight";
				INFOPLIST_KEY_UISupportedInterfaceOrientations_iPhone = "UIInterfaceOrientationPortrait UIInterfaceOrientationLandscapeLeft UIInterfaceOrientationLandscapeRight";
				LD_RUNPATH_SEARCH_PATHS = (
					"$(inherited)",
					"@executable_path/Frameworks",
				);
				MARKETING_VERSION = 1.0;
				PRODUCT_BUNDLE_IDENTIFIER = br.com.codandocommoa.faces.Card;
				PRODUCT_NAME = "$(TARGET_NAME)";
				SWIFT_EMIT_LOC_STRINGS = YES;
				SWIFT_VERSION = 5.0;
				TARGETED_DEVICE_FAMILY = "1,2";
			};
			name = Debug;
		};
		CDA01D6C2CD513EA00E0AD68 /* Release */ = {
			isa = XCBuildConfiguration;
			buildSettings = {
				ASSETCATALOG_COMPILER_APPICON_NAME = AppIcon;
				ASSETCATALOG_COMPILER_GLOBAL_ACCENT_COLOR_NAME = AccentColor;
				CODE_SIGN_STYLE = Automatic;
				CURRENT_PROJECT_VERSION = 1;
				DEVELOPMENT_ASSET_PATHS = "\"Card/Preview Content\"";
				DEVELOPMENT_TEAM = YYN3BQ4MS6;
				ENABLE_PREVIEWS = YES;
				GENERATE_INFOPLIST_FILE = YES;
				INFOPLIST_KEY_UIApplicationSceneManifest_Generation = YES;
				INFOPLIST_KEY_UIApplicationSupportsIndirectInputEvents = YES;
				INFOPLIST_KEY_UILaunchScreen_Generation = YES;
				INFOPLIST_KEY_UISupportedInterfaceOrientations_iPad = "UIInterfaceOrientationPortrait UIInterfaceOrientationPortraitUpsideDown UIInterfaceOrientationLandscapeLeft UIInterfaceOrientationLandscapeRight";
				INFOPLIST_KEY_UISupportedInterfaceOrientations_iPhone = "UIInterfaceOrientationPortrait UIInterfaceOrientationLandscapeLeft UIInterfaceOrientationLandscapeRight";
				LD_RUNPATH_SEARCH_PATHS = (
					"$(inherited)",
					"@executable_path/Frameworks",
				);
				MARKETING_VERSION = 1.0;
				PRODUCT_BUNDLE_IDENTIFIER = br.com.codandocommoa.faces.Card;
				PRODUCT_NAME = "$(TARGET_NAME)";
				SWIFT_EMIT_LOC_STRINGS = YES;
				SWIFT_VERSION = 5.0;
				TARGETED_DEVICE_FAMILY = "1,2";
			};
			name = Release;
		};
		CDA01D6E2CD513EA00E0AD68 /* Debug */ = {
			isa = XCBuildConfiguration;
			buildSettings = {
				ALWAYS_EMBED_SWIFT_STANDARD_LIBRARIES = YES;
				BUNDLE_LOADER = "$(TEST_HOST)";
				CODE_SIGN_STYLE = Automatic;
				CURRENT_PROJECT_VERSION = 1;
				DEVELOPMENT_TEAM = YYN3BQ4MS6;
				GENERATE_INFOPLIST_FILE = YES;
				IPHONEOS_DEPLOYMENT_TARGET = 17.5;
				MARKETING_VERSION = 1.0;
				PRODUCT_BUNDLE_IDENTIFIER = br.com.codandocommoa.faces.CardTests;
				PRODUCT_NAME = "$(TARGET_NAME)";
				SWIFT_EMIT_LOC_STRINGS = NO;
				SWIFT_VERSION = 5.0;
				TARGETED_DEVICE_FAMILY = "1,2";
				TEST_HOST = "$(BUILT_PRODUCTS_DIR)/Card.app/$(BUNDLE_EXECUTABLE_FOLDER_PATH)/Card";
			};
			name = Debug;
		};
		CDA01D6F2CD513EA00E0AD68 /* Release */ = {
			isa = XCBuildConfiguration;
			buildSettings = {
				ALWAYS_EMBED_SWIFT_STANDARD_LIBRARIES = YES;
				BUNDLE_LOADER = "$(TEST_HOST)";
				CODE_SIGN_STYLE = Automatic;
				CURRENT_PROJECT_VERSION = 1;
				DEVELOPMENT_TEAM = YYN3BQ4MS6;
				GENERATE_INFOPLIST_FILE = YES;
				IPHONEOS_DEPLOYMENT_TARGET = 17.5;
				MARKETING_VERSION = 1.0;
				PRODUCT_BUNDLE_IDENTIFIER = br.com.codandocommoa.faces.CardTests;
				PRODUCT_NAME = "$(TARGET_NAME)";
				SWIFT_EMIT_LOC_STRINGS = NO;
				SWIFT_VERSION = 5.0;
				TARGETED_DEVICE_FAMILY = "1,2";
				TEST_HOST = "$(BUILT_PRODUCTS_DIR)/Card.app/$(BUNDLE_EXECUTABLE_FOLDER_PATH)/Card";
			};
			name = Release;
		};
		CDA01D712CD513EA00E0AD68 /* Debug */ = {
			isa = XCBuildConfiguration;
			buildSettings = {
				ALWAYS_EMBED_SWIFT_STANDARD_LIBRARIES = YES;
				CODE_SIGN_STYLE = Automatic;
				CURRENT_PROJECT_VERSION = 1;
				DEVELOPMENT_TEAM = YYN3BQ4MS6;
				GENERATE_INFOPLIST_FILE = YES;
				MARKETING_VERSION = 1.0;
				PRODUCT_BUNDLE_IDENTIFIER = br.com.codandocommoa.faces.CardUITests;
				PRODUCT_NAME = "$(TARGET_NAME)";
				SWIFT_EMIT_LOC_STRINGS = NO;
				SWIFT_VERSION = 5.0;
				TARGETED_DEVICE_FAMILY = "1,2";
				TEST_TARGET_NAME = Card;
			};
			name = Debug;
		};
		CDA01D722CD513EA00E0AD68 /* Release */ = {
			isa = XCBuildConfiguration;
			buildSettings = {
				ALWAYS_EMBED_SWIFT_STANDARD_LIBRARIES = YES;
				CODE_SIGN_STYLE = Automatic;
				CURRENT_PROJECT_VERSION = 1;
				DEVELOPMENT_TEAM = YYN3BQ4MS6;
				GENERATE_INFOPLIST_FILE = YES;
				MARKETING_VERSION = 1.0;
				PRODUCT_BUNDLE_IDENTIFIER = br.com.codandocommoa.faces.CardUITests;
				PRODUCT_NAME = "$(TARGET_NAME)";
				SWIFT_EMIT_LOC_STRINGS = NO;
				SWIFT_VERSION = 5.0;
				TARGETED_DEVICE_FAMILY = "1,2";
				TEST_TARGET_NAME = Card;
			};
			name = Release;
		};
/* End XCBuildConfiguration section */

/* Begin XCConfigurationList section */
		CDA01D3F2CD513E800E0AD68 /* Build configuration list for PBXProject "Card" */ = {
			isa = XCConfigurationList;
			buildConfigurations = (
				CDA01D682CD513EA00E0AD68 /* Debug */,
				CDA01D692CD513EA00E0AD68 /* Release */,
			);
			defaultConfigurationIsVisible = 0;
			defaultConfigurationName = Release;
		};
		CDA01D6A2CD513EA00E0AD68 /* Build configuration list for PBXNativeTarget "Card" */ = {
			isa = XCConfigurationList;
			buildConfigurations = (
				CDA01D6B2CD513EA00E0AD68 /* Debug */,
				CDA01D6C2CD513EA00E0AD68 /* Release */,
			);
			defaultConfigurationIsVisible = 0;
			defaultConfigurationName = Release;
		};
		CDA01D6D2CD513EA00E0AD68 /* Build configuration list for PBXNativeTarget "CardTests" */ = {
			isa = XCConfigurationList;
			buildConfigurations = (
				CDA01D6E2CD513EA00E0AD68 /* Debug */,
				CDA01D6F2CD513EA00E0AD68 /* Release */,
			);
			defaultConfigurationIsVisible = 0;
			defaultConfigurationName = Release;
		};
		CDA01D702CD513EA00E0AD68 /* Build configuration list for PBXNativeTarget "CardUITests" */ = {
			isa = XCConfigurationList;
			buildConfigurations = (
				CDA01D712CD513EA00E0AD68 /* Debug */,
				CDA01D722CD513EA00E0AD68 /* Release */,
			);
			defaultConfigurationIsVisible = 0;
			defaultConfigurationName = Release;
		};
/* End XCConfigurationList section */
	};
	rootObject = CDA01D3C2CD513E800E0AD68 /* Project object */;
}
